<?xml version="1.0" encoding="utf-8"?>
<Project ToolsVersion="4.0" xmlns="http://schemas.microsoft.com/developer/msbuild/2003">
  <ItemGroup>
    <Filter Include="Source Files">
      <UniqueIdentifier>{4FC737F1-C7A5-4376-A066-2A32D752A2FF}</UniqueIdentifier>
      <Extensions>qml;cpp;c;cc;cxx;def;odl;idl;hpj;bat;asm;asmx</Extensions>
    </Filter>
    <Filter Include="Header Files">
      <UniqueIdentifier>{93995380-89BD-4b04-88EB-625FBE52EBFB}</UniqueIdentifier>
      <Extensions>h;hh;hpp;hxx;hm;inl;inc;xsd</Extensions>
    </Filter>
    <Filter Include="Resource Files">
      <UniqueIdentifier>{67DA6AB6-F800-4c08-8B7A-83BB121AAD01}</UniqueIdentifier>
      <Extensions>qrc;rc;ico;cur;bmp;dlg;rc2;rct;bin;rgs;gif;jpg;jpeg;jpe;resx;tiff;tif;png;wav;mfcribbon-ms</Extensions>
    </Filter>
    <Filter Include="Form Files">
      <UniqueIdentifier>{99349809-55BA-4b9d-BF79-8FDBB0286EB3}</UniqueIdentifier>
      <Extensions>ui</Extensions>
    </Filter>
    <Filter Include="Translation Files">
      <UniqueIdentifier>{639EADAA-A684-42e4-A9AD-28FC9BCB8F7C}</UniqueIdentifier>
      <Extensions>ts</Extensions>
    </Filter>
  </ItemGroup>
  <ItemGroup>
    <QtRcc Include="MainWindow.qrc">
      <Filter>Resource Files</Filter>
    </QtRcc>
    <QtUic Include="MainWindow.ui">
      <Filter>Form Files</Filter>
    </QtUic>
    <QtMoc Include="MainWindow.h">
      <Filter>Header Files</Filter>
    </QtMoc>
  </ItemGroup>
  <ItemGroup>
    <ClCompile Include="main.cpp">
      <Filter>Source Files</Filter>
    </ClCompile>
    <ClCompile Include="DocWidget.cpp">
      <Filter>Source Files</Filter>
    </ClCompile>
    <ClCompile Include="MarkdownPreview.cpp">
      <Filter>Source Files</Filter>
    </ClCompile>
    <ClCompile Include="SettingsDialog.cpp">
      <Filter>Source Files</Filter>
    </ClCompile>
    <ClCompile Include="ReplaceDialog.cpp">
      <Filter>Source Files</Filter>
    </ClCompile>
    <ClCompile Include="AutoTest.cpp">
      <Filter>Source Files</Filter>
    </ClCompile>
    <ClCompile Include="LangDialog.cpp">
      <Filter>Source Files</Filter>
    </ClCompile>
    <ClCompile Include="MarkdownEditor.cpp">
      <Filter>Source Files</Filter>
    </ClCompile>
    <ClCompile Include="GrepDialog.cpp">
      <Filter>Source Files</Filter>
    </ClCompile>
    <ClCompile Include="OutputView.cpp">
      <Filter>Source Files</Filter>
    </ClCompile>
    <ClCompile Include="..\3rdparty\lunasvg\3rdparty\plutovg\source\plutovg-blend.c">
      <Filter>Source Files</Filter>
    </ClCompile>
    <ClCompile Include="..\3rdparty\lunasvg\3rdparty\plutovg\source\plutovg-canvas.c">
      <Filter>Source Files</Filter>
    </ClCompile>
    <ClCompile Include="..\3rdparty\lunasvg\3rdparty\plutovg\source\plutovg-font.c">
      <Filter>Source Files</Filter>
    </ClCompile>
    <ClCompile Include="..\3rdparty\lunasvg\3rdparty\plutovg\source\plutovg-ft-math.c">
      <Filter>Source Files</Filter>
    </ClCompile>
    <ClCompile Include="..\3rdparty\lunasvg\3rdparty\plutovg\source\plutovg-ft-raster.c">
      <Filter>Source Files</Filter>
    </ClCompile>
    <ClCompile Include="..\3rdparty\lunasvg\3rdparty\plutovg\source\plutovg-ft-stroker.c">
      <Filter>Source Files</Filter>
    </ClCompile>
    <ClCompile Include="..\3rdparty\lunasvg\3rdparty\plutovg\source\plutovg-matrix.c">
      <Filter>Source Files</Filter>
    </ClCompile>
    <ClCompile Include="..\3rdparty\lunasvg\3rdparty\plutovg\source\plutovg-paint.c">
      <Filter>Source Files</Filter>
    </ClCompile>
    <ClCompile Include="..\3rdparty\lunasvg\3rdparty\plutovg\source\plutovg-path.c">
      <Filter>Source Files</Filter>
    </ClCompile>
    <ClCompile Include="..\3rdparty\lunasvg\3rdparty\plutovg\source\plutovg-rasterize.c">
      <Filter>Source Files</Filter>
    </ClCompile>
    <ClCompile Include="..\3rdparty\lunasvg\3rdparty\plutovg\source\plutovg-surface.c">
      <Filter>Source Files</Filter>
    </ClCompile>
    <ClCompile Include="..\3rdparty\lunasvg\source\graphics.cpp">
      <Filter>Source Files</Filter>
    </ClCompile>
    <ClCompile Include="..\3rdparty\lunasvg\source\lunasvg.cpp">
      <Filter>Source Files</Filter>
    </ClCompile>
    <ClCompile Include="..\3rdparty\lunasvg\source\svgelement.cpp">
      <Filter>Source Files</Filter>
    </ClCompile>
    <ClCompile Include="..\3rdparty\lunasvg\source\svggeometryelement.cpp">
      <Filter>Source Files</Filter>
    </ClCompile>
    <ClCompile Include="..\3rdparty\lunasvg\source\svglayoutstate.cpp">
      <Filter>Source Files</Filter>
    </ClCompile>
    <ClCompile Include="..\3rdparty\lunasvg\source\svgpaintelement.cpp">
      <Filter>Source Files</Filter>
    </ClCompile>
    <ClCompile Include="..\3rdparty\lunasvg\source\svgparser.cpp">
      <Filter>Source Files</Filter>
    </ClCompile>
    <ClCompile Include="..\3rdparty\lunasvg\source\svgproperty.cpp">
      <Filter>Source Files</Filter>
    </ClCompile>
    <ClCompile Include="..\3rdparty\lunasvg\source\svgrenderstate.cpp">
      <Filter>Source Files</Filter>
    </ClCompile>
    <ClCompile Include="..\3rdparty\lunasvg\source\svgtextelement.cpp">
      <Filter>Source Files</Filter>
    </ClCompile>
    <ClCompile Include="vicmd.cpp">
      <Filter>Source Files</Filter>
    </ClCompile>
    <ClCompile Include="SlideShow.cpp">
      <Filter>Source Files</Filter>
    </ClCompile>
    <ClCompile Include="MainWindow.cpp">
      <Filter>Source Files</Filter>
    </ClCompile>
    <ClCompile Include="diff.cpp">
      <Filter>Source Files</Filter>
    </ClCompile>
    <ClCompile Include="UndoMgr.cpp">
      <Filter>Source Files</Filter>
    </ClCompile>
  </ItemGroup>
  <ItemGroup>
    <ClInclude Include="DocWidget.h">
      <Filter>Header Files</Filter>
    </ClInclude>
    <ClInclude Include="ver.h">
      <Filter>Header Files</Filter>
    </ClInclude>
    <ClInclude Include="..\3rdparty\lunasvg\3rdparty\plutovg\source\plutovg-ft-math.h">
      <Filter>Header Files</Filter>
    </ClInclude>
    <ClInclude Include="..\3rdparty\lunasvg\3rdparty\plutovg\source\plutovg-ft-raster.h">
      <Filter>Header Files</Filter>
    </ClInclude>
    <ClInclude Include="..\3rdparty\lunasvg\3rdparty\plutovg\source\plutovg-ft-stroker.h">
      <Filter>Header Files</Filter>
    </ClInclude>
    <ClInclude Include="..\3rdparty\lunasvg\3rdparty\plutovg\source\plutovg-ft-types.h">
      <Filter>Header Files</Filter>
    </ClInclude>
    <ClInclude Include="..\3rdparty\lunasvg\3rdparty\plutovg\source\plutovg-private.h">
      <Filter>Header Files</Filter>
    </ClInclude>
    <ClInclude Include="..\3rdparty\lunasvg\3rdparty\plutovg\source\plutovg-stb-image.h">
      <Filter>Header Files</Filter>
    </ClInclude>
    <ClInclude Include="..\3rdparty\lunasvg\3rdparty\plutovg\source\plutovg-stb-image-write.h">
      <Filter>Header Files</Filter>
    </ClInclude>
    <ClInclude Include="..\3rdparty\lunasvg\3rdparty\plutovg\source\plutovg-stb-truetype.h">
      <Filter>Header Files</Filter>
    </ClInclude>
    <ClInclude Include="..\3rdparty\lunasvg\3rdparty\plutovg\source\plutovg-utils.h">
      <Filter>Header Files</Filter>
    </ClInclude>
    <ClInclude Include="..\3rdparty\lunasvg\3rdparty\plutovg\include\plutovg.h">
      <Filter>Header Files</Filter>
    </ClInclude>
    <ClInclude Include="..\3rdparty\lunasvg\source\graphics.h">
      <Filter>Header Files</Filter>
    </ClInclude>
    <ClInclude Include="..\3rdparty\lunasvg\source\svgelement.h">
      <Filter>Header Files</Filter>
    </ClInclude>
    <ClInclude Include="..\3rdparty\lunasvg\source\svggeometryelement.h">
      <Filter>Header Files</Filter>
    </ClInclude>
    <ClInclude Include="..\3rdparty\lunasvg\source\svglayoutstate.h">
      <Filter>Header Files</Filter>
    </ClInclude>
    <ClInclude Include="..\3rdparty\lunasvg\source\svgpaintelement.h">
      <Filter>Header Files</Filter>
    </ClInclude>
    <ClInclude Include="..\3rdparty\lunasvg\source\svgparserutils.h">
      <Filter>Header Files</Filter>
    </ClInclude>
    <ClInclude Include="..\3rdparty\lunasvg\source\svgproperty.h">
      <Filter>Header Files</Filter>
    </ClInclude>
    <ClInclude Include="..\3rdparty\lunasvg\source\svgrenderstate.h">
      <Filter>Header Files</Filter>
    </ClInclude>
    <ClInclude Include="..\3rdparty\lunasvg\source\svgtextelement.h">
      <Filter>Header Files</Filter>
    </ClInclude>
    <ClInclude Include="..\3rdparty\lunasvg\include\lunasvg.h">
      <Filter>Header Files</Filter>
    </ClInclude>
    <ClInclude Include="UndoMgr.h">
      <Filter>Header Files</Filter>
    </ClInclude>
  </ItemGroup>
  <ItemGroup>
    <ResourceCompile Include="app_icon.rc">
      <Filter>Resource Files</Filter>
    </ResourceCompile>
  </ItemGroup>
  <ItemGroup>
    <QtMoc Include="MarkdownPreview.h">
      <Filter>Header Files</Filter>
    </QtMoc>
    <QtMoc Include="MarkdownEditor.h">
      <Filter>Header Files</Filter>
    </QtMoc>
    <QtMoc Include="ReplaceDialog.h">
      <Filter>Header Files</Filter>
    </QtMoc>
    <QtMoc Include="LangDialog.h">
      <Filter>Header Files</Filter>
    </QtMoc>
    <QtMoc Include="SettingsDialog.h">
      <Filter>Header Files</Filter>
    </QtMoc>
    <QtMoc Include="GrepDialog.h">
      <Filter>Header Files</Filter>
    </QtMoc>
    <QtMoc Include="OutputView.h">
      <Filter>Header Files</Filter>
    </QtMoc>
    <QtMoc Include="SlideShow.h">
      <Filter>Header Files</Filter>
    </QtMoc>
  </ItemGroup>
  <ItemGroup>
    <QtUic Include="SettingsDialog.ui">
      <Filter>Form Files</Filter>
    </QtUic>
    <QtUic Include="ReplaceDialog.ui">
      <Filter>Form Files</Filter>
    </QtUic>
    <QtUic Include="LangDialog.ui">
      <Filter>Form Files</Filter>
    </QtUic>
    <QtUic Include="GrepDialog.ui">
      <Filter>Form Files</Filter>
    </QtUic>
  </ItemGroup>
</Project>